<?xml version="1.0" encoding="utf-8"?>
<Project ToolsVersion="4.0" xmlns="http://schemas.microsoft.com/developer/msbuild/2003">
  <ItemGroup>
    <Filter Include="Archivos de origen">
      <UniqueIdentifier>{4FC737F1-C7A5-4376-A066-2A32D752A2FF}</UniqueIdentifier>
      <Extensions>cpp;c;cc;cxx;c++;cppm;ixx;def;odl;idl;hpj;bat;asm;asmx</Extensions>
    </Filter>
    <Filter Include="Archivos de encabezado">
      <UniqueIdentifier>{93995380-89BD-4b04-88EB-625FBE52EBFB}</UniqueIdentifier>
      <Extensions>h;hh;hpp;hxx;h++;hm;inl;inc;ipp;xsd</Extensions>
    </Filter>
    <Filter Include="Archivos de recursos">
      <UniqueIdentifier>{67DA6AB6-F800-4c08-8B7A-83BB121AAD01}</UniqueIdentifier>
      <Extensions>rc;ico;cur;bmp;dlg;rc2;rct;bin;rgs;gif;jpg;jpeg;jpe;resx;tiff;tif;png;wav;mfcribbon-ms</Extensions>
    </Filter>
    <Filter Include="Source">
      <UniqueIdentifier>{203009b8-76dc-4801-8e2a-f7a79fabcfce}</UniqueIdentifier>
    </Filter>
    <Filter Include="Include">
      <UniqueIdentifier>{3a1dea9f-4585-4e7e-ab84-d2d05ab3c7df}</UniqueIdentifier>
    </Filter>
  </ItemGroup>
  <ItemGroup>
    <ClCompile Include="src\E2EE.cpp">
      <Filter>Source</Filter>
    </ClCompile>
    <ClCompile Include="src\NetworkHelpercpp.cpp">
      <Filter>Source</Filter>
    </ClCompile>
    <ClCompile Include="src\Client.cpp">
      <Filter>Source</Filter>
    </ClCompile>
    <ClCompile Include="src\CryptoHelper.cpp">
      <Filter>Source</Filter>
    </ClCompile>
    <ClCompile Include="src\Server.cpp">
      <Filter>Source</Filter>
    </ClCompile>
  </ItemGroup>
  <ItemGroup>
    <ClInclude Include="include\Server.h">
      <Filter>Include</Filter>
    </ClInclude>
    <ClInclude Include="include\Prerequisites.h">
      <Filter>Include</Filter>
    </ClInclude>
    <ClInclude Include="include\NetworkHelper.h">
      <Filter>Include</Filter>
    </ClInclude>
    <ClInclude Include="include\CryptoHelper.h">
      <Filter>Include</Filter>
    </ClInclude>
    <ClInclude Include="include\Client.h">
      <Filter>Include</Filter>
    </ClInclude>
  </ItemGroup>
</Project>